
Microsoft Visual Studio Solution File, Format Version 12.00
# Visual Studio Version 16
VisualStudioVersion = 16.0.30225.117
MinimumVisualStudioVersion = 10.0.40219.1
Project("{2150E333-8FDC-42A3-9474-1A3956D46DE8}") = "riftCore", "riftCore", "{70E05276-5A9B-4F1D-A745-851DDA55C016}"
EndProject
Project("{2150E333-8FDC-42A3-9474-1A3956D46DE8}") = "riftRoot", "riftRoot", "{410236BD-0C95-4218-8E1C-BC6735B91591}"
EndProject
Project("{2150E333-8FDC-42A3-9474-1A3956D46DE8}") = "3P Libraries", "3P Libraries", "{ADF0C4C8-1A43-41D1-BCFB-DA8133BFEDFD}"
EndProject
Project("{2150E333-8FDC-42A3-9474-1A3956D46DE8}") = "Detours", "Detours", "{BF696E0C-93B0-4E49-A5D4-CE10FF979E9B}"
	ProjectSection(SolutionItems) = preProject
		msDetours\include\detours.h = msDetours\include\detours.h
	EndProjectSection
EndProject
Project("{2150E333-8FDC-42A3-9474-1A3956D46DE8}") = "BlackBone", "BlackBone", "{B3507EC6-C620-42C5-ABFE-0157137B3ABA}"
	ProjectSection(SolutionItems) = preProject
		dtBlackBone\src\BlackBone\ManualMap\MMap.h = dtBlackBone\src\BlackBone\ManualMap\MMap.h
	EndProjectSection
EndProject
Project("{2150E333-8FDC-42A3-9474-1A3956D46DE8}") = "Other", "Other", "{118C1682-B6BB-40BC-8076-F301EDE6C451}"
EndProject
Project("{8BC9CEB8-8B4A-11D0-8D11-00A0C91BC942}") = "_riftldr", "core\_riftldr\_riftldr.vcxproj", "{A641FBB6-FFE1-41C8-9BB8-17CD61AD2EF8}"
EndProject
Project("{8BC9CEB8-8B4A-11D0-8D11-00A0C91BC942}") = "_riftdll", "core\_riftdll\_riftdll.vcxproj", "{21265FC7-5328-4846-845D-13404C45FB8E}"
EndProject
Project("{8BC9CEB8-8B4A-11D0-8D11-00A0C91BC942}") = "_riftutl", "core\_riftutl\_riftutl.vcxproj", "{708DC70C-D97D-4E1F-B214-5259D3E2C669}"
EndProject
Project("{8BC9CEB8-8B4A-11D0-8D11-00A0C91BC942}") = "_rifturk", "root\_rifturk\_rifturk.vcxproj", "{0881218E-929D-4CDF-AAAD-B4C4955C6081}"
EndProject
Project("{8BC9CEB8-8B4A-11D0-8D11-00A0C91BC942}") = "_riftdev", "other\_riftdev\_riftdev.vcxproj", "{D1283F5D-4C3D-4B1D-9CC7-3DD821952A3A}"
EndProject
Project("{8BC9CEB8-8B4A-11D0-8D11-00A0C91BC942}") = "global", "global\global.vcxitems", "{8AF695AC-D632-41EE-A7A5-499C3BF9DCDC}"
EndProject
Project("{8BC9CEB8-8B4A-11D0-8D11-00A0C91BC942}") = "shared", "core\shared\shared.vcxitems", "{01A36F22-55D1-4B49-9894-B6080000C4CB}"
EndProject
Global
	GlobalSection(SharedMSBuildProjectFiles) = preSolution
		core\shared\shared.vcxitems*{01a36f22-55d1-4b49-9894-b6080000c4cb}*SharedItemsImports = 9
		global\global.vcxitems*{0881218e-929d-4cdf-aaad-b4c4955c6081}*SharedItemsImports = 4
		core\shared\shared.vcxitems*{21265fc7-5328-4846-845d-13404c45fb8e}*SharedItemsImports = 4
		global\global.vcxitems*{21265fc7-5328-4846-845d-13404c45fb8e}*SharedItemsImports = 4
		core\shared\shared.vcxitems*{708dc70c-d97d-4e1f-b214-5259d3e2c669}*SharedItemsImports = 4
		global\global.vcxitems*{708dc70c-d97d-4e1f-b214-5259d3e2c669}*SharedItemsImports = 4
		global\global.vcxitems*{8af695ac-d632-41ee-a7a5-499c3bf9dcdc}*SharedItemsImports = 9
		core\shared\shared.vcxitems*{a641fbb6-ffe1-41c8-9bb8-17cd61ad2ef8}*SharedItemsImports = 4
		global\global.vcxitems*{a641fbb6-ffe1-41c8-9bb8-17cd61ad2ef8}*SharedItemsImports = 4
		core\shared\shared.vcxitems*{d1283f5d-4c3d-4b1d-9cc7-3dd821952a3a}*SharedItemsImports = 4
		global\global.vcxitems*{d1283f5d-4c3d-4b1d-9cc7-3dd821952a3a}*SharedItemsImports = 4
	EndGlobalSection
	GlobalSection(SolutionConfigurationPlatforms) = preSolution
		Debug|x64 = Debug|x64
		Debug|x86 = Debug|x86
		Release|x64 = Release|x64
		Release|x86 = Release|x86
	EndGlobalSection
	GlobalSection(ProjectConfigurationPlatforms) = postSolution
		{A641FBB6-FFE1-41C8-9BB8-17CD61AD2EF8}.Debug|x64.ActiveCfg = Debug|Win32
		{A641FBB6-FFE1-41C8-9BB8-17CD61AD2EF8}.Debug|x86.ActiveCfg = Debug|Win32
		{A641FBB6-FFE1-41C8-9BB8-17CD61AD2EF8}.Debug|x86.Build.0 = Debug|Win32
		{A641FBB6-FFE1-41C8-9BB8-17CD61AD2EF8}.Release|x64.ActiveCfg = Release|Win32
		{A641FBB6-FFE1-41C8-9BB8-17CD61AD2EF8}.Release|x86.ActiveCfg = Release|Win32
		{A641FBB6-FFE1-41C8-9BB8-17CD61AD2EF8}.Release|x86.Build.0 = Release|Win32
		{21265FC7-5328-4846-845D-13404C45FB8E}.Debug|x64.ActiveCfg = Debug|Win32
		{21265FC7-5328-4846-845D-13404C45FB8E}.Debug|x86.ActiveCfg = Debug|Win32
		{21265FC7-5328-4846-845D-13404C45FB8E}.Debug|x86.Build.0 = Debug|Win32
		{21265FC7-5328-4846-845D-13404C45FB8E}.Release|x64.ActiveCfg = Release|Win32
		{21265FC7-5328-4846-845D-13404C45FB8E}.Release|x86.ActiveCfg = Release|Win32
		{21265FC7-5328-4846-845D-13404C45FB8E}.Release|x86.Build.0 = Release|Win32
		{708DC70C-D97D-4E1F-B214-5259D3E2C669}.Debug|x64.ActiveCfg = Debug|Win32
		{708DC70C-D97D-4E1F-B214-5259D3E2C669}.Debug|x86.ActiveCfg = Debug|Win32
		{708DC70C-D97D-4E1F-B214-5259D3E2C669}.Debug|x86.Build.0 = Debug|Win32
		{708DC70C-D97D-4E1F-B214-5259D3E2C669}.Release|x64.ActiveCfg = Release|Win32
		{708DC70C-D97D-4E1F-B214-5259D3E2C669}.Release|x86.ActiveCfg = Release|Win32
		{708DC70C-D97D-4E1F-B214-5259D3E2C669}.Release|x86.Build.0 = Release|Win32
		{0881218E-929D-4CDF-AAAD-B4C4955C6081}.Debug|x64.ActiveCfg = Debug|x64
		{0881218E-929D-4CDF-AAAD-B4C4955C6081}.Debug|x64.Build.0 = Debug|x64
		{0881218E-929D-4CDF-AAAD-B4C4955C6081}.Debug|x86.ActiveCfg = Debug|Win32
		{0881218E-929D-4CDF-AAAD-B4C4955C6081}.Debug|x86.Build.0 = Debug|Win32
		{0881218E-929D-4CDF-AAAD-B4C4955C6081}.Release|x64.ActiveCfg = Release|x64
		{0881218E-929D-4CDF-AAAD-B4C4955C6081}.Release|x64.Build.0 = Release|x64
		{0881218E-929D-4CDF-AAAD-B4C4955C6081}.Release|x86.ActiveCfg = Release|Win32
		{0881218E-929D-4CDF-AAAD-B4C4955C6081}.Release|x86.Build.0 = Release|Win32
		{D1283F5D-4C3D-4B1D-9CC7-3DD821952A3A}.Debug|x64.ActiveCfg = Debug|x64
		{D1283F5D-4C3D-4B1D-9CC7-3DD821952A3A}.Debug|x64.Build.0 = Debug|x64
		{D1283F5D-4C3D-4B1D-9CC7-3DD821952A3A}.Debug|x86.ActiveCfg = Debug|Win32
		{D1283F5D-4C3D-4B1D-9CC7-3DD821952A3A}.Debug|x86.Build.0 = Debug|Win32
		{D1283F5D-4C3D-4B1D-9CC7-3DD821952A3A}.Release|x64.ActiveCfg = Debug|x64
		{D1283F5D-4C3D-4B1D-9CC7-3DD821952A3A}.Release|x86.ActiveCfg = Debug|Win32
	EndGlobalSection
	GlobalSection(SolutionProperties) = preSolution
		HideSolutionNode = FALSE
	EndGlobalSection
	GlobalSection(NestedProjects) = preSolution
		{ADF0C4C8-1A43-41D1-BCFB-DA8133BFEDFD} = {118C1682-B6BB-40BC-8076-F301EDE6C451}
		{BF696E0C-93B0-4E49-A5D4-CE10FF979E9B} = {ADF0C4C8-1A43-41D1-BCFB-DA8133BFEDFD}
		{B3507EC6-C620-42C5-ABFE-0157137B3ABA} = {ADF0C4C8-1A43-41D1-BCFB-DA8133BFEDFD}
		{A641FBB6-FFE1-41C8-9BB8-17CD61AD2EF8} = {70E05276-5A9B-4F1D-A745-851DDA55C016}
		{21265FC7-5328-4846-845D-13404C45FB8E} = {70E05276-5A9B-4F1D-A745-851DDA55C016}
		{708DC70C-D97D-4E1F-B214-5259D3E2C669} = {70E05276-5A9B-4F1D-A745-851DDA55C016}
		{0881218E-929D-4CDF-AAAD-B4C4955C6081} = {410236BD-0C95-4218-8E1C-BC6735B91591}
		{01A36F22-55D1-4B49-9894-B6080000C4CB} = {70E05276-5A9B-4F1D-A745-851DDA55C016}
	EndGlobalSection
	GlobalSection(ExtensibilityGlobals) = postSolution
		SolutionGuid = {FA23DB8B-7FAB-4586-936D-4ADB4CD8B90E}
	EndGlobalSection
EndGlobal
