
Microsoft Visual Studio Solution File, Format Version 12.00
# Visual Studio Version 16
VisualStudioVersion = 16.0.30225.117
MinimumVisualStudioVersion = 10.0.40219.1
Project("{8BC9CEB8-8B4A-11D0-8D11-00A0C91BC942}") = "_riftldr", "_riftldr\_riftldr.vcxproj", "{A641FBB6-FFE1-41C8-9BB8-17CD61AD2EF8}"
EndProject
Project("{8BC9CEB8-8B4A-11D0-8D11-00A0C91BC942}") = "_riftdll", "_riftdll\_riftdll.vcxproj", "{21265FC7-5328-4846-845D-13404C45FB8E}"
EndProject
Project("{8BC9CEB8-8B4A-11D0-8D11-00A0C91BC942}") = "_riftTool", "_riftTool\_riftTool.vcxproj", "{708DC70C-D97D-4E1F-B214-5259D3E2C669}"
	ProjectSection(ProjectDependencies) = postProject
		{BD634F5A-24E9-4775-B4AA-1EEE8B81F2AD} = {BD634F5A-24E9-4775-B4AA-1EEE8B81F2AD}
		{0881218E-929D-4CDF-AAAD-B4C4955C6081} = {0881218E-929D-4CDF-AAAD-B4C4955C6081}
		{21265FC7-5328-4846-845D-13404C45FB8E} = {21265FC7-5328-4846-845D-13404C45FB8E}
	EndProjectSection
EndProject
Project("{2150E333-8FDC-42A3-9474-1A3956D46DE8}") = "riftCore", "riftCore", "{70E05276-5A9B-4F1D-A745-851DDA55C016}"
EndProject
Project("{2150E333-8FDC-42A3-9474-1A3956D46DE8}") = "RootKit", "RootKit", "{410236BD-0C95-4218-8E1C-BC6735B91591}"
EndProject
Project("{8BC9CEB8-8B4A-11D0-8D11-00A0C91BC942}") = "_riftInject", "_riftInject\_riftInject.vcxproj", "{BD634F5A-24E9-4775-B4AA-1EEE8B81F2AD}"
EndProject
Project("{8BC9CEB8-8B4A-11D0-8D11-00A0C91BC942}") = "_riftRoot", "_riftRoot\_riftRoot.vcxproj", "{0881218E-929D-4CDF-AAAD-B4C4955C6081}"
EndProject
Project("{2150E333-8FDC-42A3-9474-1A3956D46DE8}") = "3P Libraries", "3P Libraries", "{ADF0C4C8-1A43-41D1-BCFB-DA8133BFEDFD}"
EndProject
Project("{2150E333-8FDC-42A3-9474-1A3956D46DE8}") = "Detours", "Detours", "{BF696E0C-93B0-4E49-A5D4-CE10FF979E9B}"
	ProjectSection(SolutionItems) = preProject
		msDetours\include\detours.h = msDetours\include\detours.h
	EndProjectSection
EndProject
Project("{2150E333-8FDC-42A3-9474-1A3956D46DE8}") = "BlackBone", "BlackBone", "{B3507EC6-C620-42C5-ABFE-0157137B3ABA}"
	ProjectSection(SolutionItems) = preProject
		dtBlackBone\src\BlackBone\ManualMap\MMap.h = dtBlackBone\src\BlackBone\ManualMap\MMap.h
		dtBlackBone\src\BlackBone\ManualMap\Native\NtLoader.h = dtBlackBone\src\BlackBone\ManualMap\Native\NtLoader.h
	EndProjectSection
EndProject
Global
	GlobalSection(SolutionConfigurationPlatforms) = preSolution
		Debug|x64 = Debug|x64
		Debug|x86 = Debug|x86
		Release|x64 = Release|x64
		Release|x86 = Release|x86
	EndGlobalSection
	GlobalSection(ProjectConfigurationPlatforms) = postSolution
		{A641FBB6-FFE1-41C8-9BB8-17CD61AD2EF8}.Debug|x64.ActiveCfg = Debug|Win32
		{A641FBB6-FFE1-41C8-9BB8-17CD61AD2EF8}.Debug|x86.ActiveCfg = Debug|Win32
		{A641FBB6-FFE1-41C8-9BB8-17CD61AD2EF8}.Debug|x86.Build.0 = Debug|Win32
		{A641FBB6-FFE1-41C8-9BB8-17CD61AD2EF8}.Debug|x86.Deploy.0 = Debug|Win32
		{A641FBB6-FFE1-41C8-9BB8-17CD61AD2EF8}.Release|x64.ActiveCfg = Release|Win32
		{A641FBB6-FFE1-41C8-9BB8-17CD61AD2EF8}.Release|x86.ActiveCfg = Release|Win32
		{A641FBB6-FFE1-41C8-9BB8-17CD61AD2EF8}.Release|x86.Build.0 = Release|Win32
		{21265FC7-5328-4846-845D-13404C45FB8E}.Debug|x64.ActiveCfg = Debug|Win32
		{21265FC7-5328-4846-845D-13404C45FB8E}.Debug|x86.ActiveCfg = Debug|Win32
		{21265FC7-5328-4846-845D-13404C45FB8E}.Debug|x86.Build.0 = Debug|Win32
		{21265FC7-5328-4846-845D-13404C45FB8E}.Release|x64.ActiveCfg = Release|Win32
		{21265FC7-5328-4846-845D-13404C45FB8E}.Release|x86.ActiveCfg = Release|Win32
		{21265FC7-5328-4846-845D-13404C45FB8E}.Release|x86.Build.0 = Release|Win32
		{708DC70C-D97D-4E1F-B214-5259D3E2C669}.Debug|x64.ActiveCfg = Debug|Win32
		{708DC70C-D97D-4E1F-B214-5259D3E2C669}.Debug|x86.ActiveCfg = Debug|Win32
		{708DC70C-D97D-4E1F-B214-5259D3E2C669}.Debug|x86.Build.0 = Debug|Win32
		{708DC70C-D97D-4E1F-B214-5259D3E2C669}.Release|x64.ActiveCfg = Release|Win32
		{708DC70C-D97D-4E1F-B214-5259D3E2C669}.Release|x86.ActiveCfg = Release|Win32
		{708DC70C-D97D-4E1F-B214-5259D3E2C669}.Release|x86.Build.0 = Release|Win32
		{BD634F5A-24E9-4775-B4AA-1EEE8B81F2AD}.Debug|x64.ActiveCfg = Debug|x64
		{BD634F5A-24E9-4775-B4AA-1EEE8B81F2AD}.Debug|x64.Build.0 = Debug|x64
		{BD634F5A-24E9-4775-B4AA-1EEE8B81F2AD}.Debug|x86.ActiveCfg = Debug|Win32
		{BD634F5A-24E9-4775-B4AA-1EEE8B81F2AD}.Debug|x86.Build.0 = Debug|Win32
		{BD634F5A-24E9-4775-B4AA-1EEE8B81F2AD}.Release|x64.ActiveCfg = Release|x64
		{BD634F5A-24E9-4775-B4AA-1EEE8B81F2AD}.Release|x64.Build.0 = Release|x64
		{BD634F5A-24E9-4775-B4AA-1EEE8B81F2AD}.Release|x86.ActiveCfg = Release|Win32
		{BD634F5A-24E9-4775-B4AA-1EEE8B81F2AD}.Release|x86.Build.0 = Release|Win32
		{0881218E-929D-4CDF-AAAD-B4C4955C6081}.Debug|x64.ActiveCfg = Debug|x64
		{0881218E-929D-4CDF-AAAD-B4C4955C6081}.Debug|x64.Build.0 = Debug|x64
		{0881218E-929D-4CDF-AAAD-B4C4955C6081}.Debug|x86.ActiveCfg = Debug|Win32
		{0881218E-929D-4CDF-AAAD-B4C4955C6081}.Debug|x86.Build.0 = Debug|Win32
		{0881218E-929D-4CDF-AAAD-B4C4955C6081}.Release|x64.ActiveCfg = Release|x64
		{0881218E-929D-4CDF-AAAD-B4C4955C6081}.Release|x64.Build.0 = Release|x64
		{0881218E-929D-4CDF-AAAD-B4C4955C6081}.Release|x86.ActiveCfg = Release|Win32
		{0881218E-929D-4CDF-AAAD-B4C4955C6081}.Release|x86.Build.0 = Release|Win32
	EndGlobalSection
	GlobalSection(SolutionProperties) = preSolution
		HideSolutionNode = FALSE
	EndGlobalSection
	GlobalSection(NestedProjects) = preSolution
		{A641FBB6-FFE1-41C8-9BB8-17CD61AD2EF8} = {70E05276-5A9B-4F1D-A745-851DDA55C016}
		{21265FC7-5328-4846-845D-13404C45FB8E} = {70E05276-5A9B-4F1D-A745-851DDA55C016}
		{BD634F5A-24E9-4775-B4AA-1EEE8B81F2AD} = {410236BD-0C95-4218-8E1C-BC6735B91591}
		{0881218E-929D-4CDF-AAAD-B4C4955C6081} = {410236BD-0C95-4218-8E1C-BC6735B91591}
		{BF696E0C-93B0-4E49-A5D4-CE10FF979E9B} = {ADF0C4C8-1A43-41D1-BCFB-DA8133BFEDFD}
		{B3507EC6-C620-42C5-ABFE-0157137B3ABA} = {ADF0C4C8-1A43-41D1-BCFB-DA8133BFEDFD}
	EndGlobalSection
	GlobalSection(ExtensibilityGlobals) = postSolution
		SolutionGuid = {FA23DB8B-7FAB-4586-936D-4ADB4CD8B90E}
	EndGlobalSection
EndGlobal
