
Microsoft Visual Studio Solution File, Format Version 12.00
# Visual Studio Version 16
VisualStudioVersion = 16.0.30011.22
MinimumVisualStudioVersion = 10.0.40219.1
Project("{8BC9CEB8-8B4A-11D0-8D11-00A0C91BC942}") = "_rift", "_rift\_rift.vcxproj", "{A641FBB6-FFE1-41C8-9BB8-17CD61AD2EF8}"
EndProject
Project("{8BC9CEB8-8B4A-11D0-8D11-00A0C91BC942}") = "_riftdll", "_riftdll\_riftdll.vcxproj", "{21265FC7-5328-4846-845D-13404C45FB8E}"
EndProject
Project("{8BC9CEB8-8B4A-11D0-8D11-00A0C91BC942}") = "_riftCrypt", "_riftCrypt\_riftCrypt.vcxproj", "{708DC70C-D97D-4E1F-B214-5259D3E2C669}"
	ProjectSection(ProjectDependencies) = postProject
		{BD634F5A-24E9-4775-B4AA-1EEE8B81F2AD} = {BD634F5A-24E9-4775-B4AA-1EEE8B81F2AD}
		{0881218E-929D-4CDF-AAAD-B4C4955C6081} = {0881218E-929D-4CDF-AAAD-B4C4955C6081}
		{21265FC7-5328-4846-845D-13404C45FB8E} = {21265FC7-5328-4846-845D-13404C45FB8E}
	EndProjectSection
EndProject
Project("{2150E333-8FDC-42A3-9474-1A3956D46DE8}") = "Loader", "Loader", "{70E05276-5A9B-4F1D-A745-851DDA55C016}"
EndProject
Project("{2150E333-8FDC-42A3-9474-1A3956D46DE8}") = "RootKit", "RootKit", "{410236BD-0C95-4218-8E1C-BC6735B91591}"
EndProject
Project("{8BC9CEB8-8B4A-11D0-8D11-00A0C91BC942}") = "_riftInject", "_riftInject\_riftInject.vcxproj", "{BD634F5A-24E9-4775-B4AA-1EEE8B81F2AD}"
EndProject
Project("{8BC9CEB8-8B4A-11D0-8D11-00A0C91BC942}") = "_riftRoot", "_riftRoot\_riftRoot.vcxproj", "{0881218E-929D-4CDF-AAAD-B4C4955C6081}"
EndProject
Project("{2150E333-8FDC-42A3-9474-1A3956D46DE8}") = "Utilities", "Utilities", "{066A71FF-89FA-4D54-B211-ED1AA2846CA9}"
EndProject
Global
	GlobalSection(SolutionConfigurationPlatforms) = preSolution
		Debug|x64 = Debug|x64
		Debug|x86 = Debug|x86
		Release|x64 = Release|x64
		Release|x86 = Release|x86
	EndGlobalSection
	GlobalSection(ProjectConfigurationPlatforms) = postSolution
		{A641FBB6-FFE1-41C8-9BB8-17CD61AD2EF8}.Debug|x64.ActiveCfg = Debug|Win32
		{A641FBB6-FFE1-41C8-9BB8-17CD61AD2EF8}.Debug|x86.ActiveCfg = Debug|Win32
		{A641FBB6-FFE1-41C8-9BB8-17CD61AD2EF8}.Debug|x86.Build.0 = Debug|Win32
		{A641FBB6-FFE1-41C8-9BB8-17CD61AD2EF8}.Debug|x86.Deploy.0 = Debug|Win32
		{A641FBB6-FFE1-41C8-9BB8-17CD61AD2EF8}.Release|x64.ActiveCfg = Release|Win32
		{A641FBB6-FFE1-41C8-9BB8-17CD61AD2EF8}.Release|x86.ActiveCfg = Release|Win32
		{A641FBB6-FFE1-41C8-9BB8-17CD61AD2EF8}.Release|x86.Build.0 = Release|Win32
		{21265FC7-5328-4846-845D-13404C45FB8E}.Debug|x64.ActiveCfg = Debug|Win32
		{21265FC7-5328-4846-845D-13404C45FB8E}.Debug|x86.ActiveCfg = Debug|Win32
		{21265FC7-5328-4846-845D-13404C45FB8E}.Debug|x86.Build.0 = Debug|Win32
		{21265FC7-5328-4846-845D-13404C45FB8E}.Release|x64.ActiveCfg = Release|Win32
		{21265FC7-5328-4846-845D-13404C45FB8E}.Release|x86.ActiveCfg = Release|Win32
		{21265FC7-5328-4846-845D-13404C45FB8E}.Release|x86.Build.0 = Release|Win32
		{708DC70C-D97D-4E1F-B214-5259D3E2C669}.Debug|x64.ActiveCfg = Debug|Win32
		{708DC70C-D97D-4E1F-B214-5259D3E2C669}.Debug|x86.ActiveCfg = Debug|Win32
		{708DC70C-D97D-4E1F-B214-5259D3E2C669}.Debug|x86.Build.0 = Debug|Win32
		{708DC70C-D97D-4E1F-B214-5259D3E2C669}.Release|x64.ActiveCfg = Release|Win32
		{708DC70C-D97D-4E1F-B214-5259D3E2C669}.Release|x86.ActiveCfg = Release|Win32
		{708DC70C-D97D-4E1F-B214-5259D3E2C669}.Release|x86.Build.0 = Release|Win32
		{BD634F5A-24E9-4775-B4AA-1EEE8B81F2AD}.Debug|x64.ActiveCfg = Debug|x64
		{BD634F5A-24E9-4775-B4AA-1EEE8B81F2AD}.Debug|x64.Build.0 = Debug|x64
		{BD634F5A-24E9-4775-B4AA-1EEE8B81F2AD}.Debug|x86.ActiveCfg = Debug|Win32
		{BD634F5A-24E9-4775-B4AA-1EEE8B81F2AD}.Debug|x86.Build.0 = Debug|Win32
		{BD634F5A-24E9-4775-B4AA-1EEE8B81F2AD}.Release|x64.ActiveCfg = Release|x64
		{BD634F5A-24E9-4775-B4AA-1EEE8B81F2AD}.Release|x64.Build.0 = Release|x64
		{BD634F5A-24E9-4775-B4AA-1EEE8B81F2AD}.Release|x86.ActiveCfg = Release|Win32
		{BD634F5A-24E9-4775-B4AA-1EEE8B81F2AD}.Release|x86.Build.0 = Release|Win32
		{0881218E-929D-4CDF-AAAD-B4C4955C6081}.Debug|x64.ActiveCfg = Debug|x64
		{0881218E-929D-4CDF-AAAD-B4C4955C6081}.Debug|x64.Build.0 = Debug|x64
		{0881218E-929D-4CDF-AAAD-B4C4955C6081}.Debug|x86.ActiveCfg = Debug|Win32
		{0881218E-929D-4CDF-AAAD-B4C4955C6081}.Debug|x86.Build.0 = Debug|Win32
		{0881218E-929D-4CDF-AAAD-B4C4955C6081}.Release|x64.ActiveCfg = Release|x64
		{0881218E-929D-4CDF-AAAD-B4C4955C6081}.Release|x64.Build.0 = Release|x64
		{0881218E-929D-4CDF-AAAD-B4C4955C6081}.Release|x86.ActiveCfg = Release|Win32
		{0881218E-929D-4CDF-AAAD-B4C4955C6081}.Release|x86.Build.0 = Release|Win32
	EndGlobalSection
	GlobalSection(SolutionProperties) = preSolution
		HideSolutionNode = FALSE
	EndGlobalSection
	GlobalSection(NestedProjects) = preSolution
		{A641FBB6-FFE1-41C8-9BB8-17CD61AD2EF8} = {70E05276-5A9B-4F1D-A745-851DDA55C016}
		{21265FC7-5328-4846-845D-13404C45FB8E} = {70E05276-5A9B-4F1D-A745-851DDA55C016}
		{708DC70C-D97D-4E1F-B214-5259D3E2C669} = {066A71FF-89FA-4D54-B211-ED1AA2846CA9}
		{BD634F5A-24E9-4775-B4AA-1EEE8B81F2AD} = {410236BD-0C95-4218-8E1C-BC6735B91591}
		{0881218E-929D-4CDF-AAAD-B4C4955C6081} = {410236BD-0C95-4218-8E1C-BC6735B91591}
	EndGlobalSection
	GlobalSection(ExtensibilityGlobals) = postSolution
		SolutionGuid = {080A687B-9432-4766-82CC-3903E4C81097}
	EndGlobalSection
EndGlobal
