
Microsoft Visual Studio Solution File, Format Version 12.00
# Visual Studio Version 16
VisualStudioVersion = 16.0.30711.63
MinimumVisualStudioVersion = 10.0.40219.1
Project("{8BC9CEB8-8B4A-11D0-8D11-00A0C91BC942}") = "riftldr", "src\riftldr\riftldr.vcxproj", "{E7E1AA01-B370-4D91-85B2-93A096AC2F46}"
	ProjectSection(ProjectDependencies) = postProject
		{5EDAECC5-BB9D-4CDD-ABF8-D8C0306A2749} = {5EDAECC5-BB9D-4CDD-ABF8-D8C0306A2749}
	EndProjectSection
EndProject
Project("{8BC9CEB8-8B4A-11D0-8D11-00A0C91BC942}") = "riftbld", "src\riftbld\riftbld.vcxproj", "{5EDAECC5-BB9D-4CDD-ABF8-D8C0306A2749}"
EndProject
Project("{2150E333-8FDC-42A3-9474-1A3956D46DE8}") = "NebulaInternal", "NebulaInternal", "{6DA0C2E1-1B8D-4F11-A7E0-17645FA965DC}"
	ProjectSection(SolutionItems) = preProject
		src\base.h = src\base.h
		src\dbg.h = src\dbg.h
		src\sdk.h = src\sdk.h
	EndProjectSection
EndProject
Project("{8BC9CEB8-8B4A-11D0-8D11-00A0C91BC942}") = "shr", "src\shr\shr.vcxitems", "{F510336D-E46A-4EA5-9517-6F97F1822457}"
EndProject
Global
	GlobalSection(SharedMSBuildProjectFiles) = preSolution
		src\shr\shr.vcxitems*{5edaecc5-bb9d-4cdd-abf8-d8c0306a2749}*SharedItemsImports = 4
		src\shr\shr.vcxitems*{e7e1aa01-b370-4d91-85b2-93a096ac2f46}*SharedItemsImports = 4
		src\shr\shr.vcxitems*{f510336d-e46a-4ea5-9517-6f97f1822457}*SharedItemsImports = 9
	EndGlobalSection
	GlobalSection(SolutionConfigurationPlatforms) = preSolution
		DebugExecutable|x64 = DebugExecutable|x64
		DebugLibrary|x64 = DebugLibrary|x64
		ReleaseExecutable|x64 = ReleaseExecutable|x64
		ReleaseLibrary|x64 = ReleaseLibrary|x64
	EndGlobalSection
	GlobalSection(ProjectConfigurationPlatforms) = postSolution
		{E7E1AA01-B370-4D91-85B2-93A096AC2F46}.DebugExecutable|x64.ActiveCfg = DebugExecutable|x64
		{E7E1AA01-B370-4D91-85B2-93A096AC2F46}.DebugExecutable|x64.Build.0 = DebugExecutable|x64
		{E7E1AA01-B370-4D91-85B2-93A096AC2F46}.DebugLibrary|x64.ActiveCfg = DebugLibrary|x64
		{E7E1AA01-B370-4D91-85B2-93A096AC2F46}.DebugLibrary|x64.Build.0 = DebugLibrary|x64
		{E7E1AA01-B370-4D91-85B2-93A096AC2F46}.ReleaseExecutable|x64.ActiveCfg = ReleaseExecutable|x64
		{E7E1AA01-B370-4D91-85B2-93A096AC2F46}.ReleaseExecutable|x64.Build.0 = ReleaseExecutable|x64
		{E7E1AA01-B370-4D91-85B2-93A096AC2F46}.ReleaseLibrary|x64.ActiveCfg = ReleaseLibrary|x64
		{E7E1AA01-B370-4D91-85B2-93A096AC2F46}.ReleaseLibrary|x64.Build.0 = ReleaseLibrary|x64
		{5EDAECC5-BB9D-4CDD-ABF8-D8C0306A2749}.DebugExecutable|x64.ActiveCfg = Debug|x64
		{5EDAECC5-BB9D-4CDD-ABF8-D8C0306A2749}.DebugExecutable|x64.Build.0 = Debug|x64
		{5EDAECC5-BB9D-4CDD-ABF8-D8C0306A2749}.DebugLibrary|x64.ActiveCfg = Debug|x64
		{5EDAECC5-BB9D-4CDD-ABF8-D8C0306A2749}.ReleaseExecutable|x64.ActiveCfg = Release|x64
		{5EDAECC5-BB9D-4CDD-ABF8-D8C0306A2749}.ReleaseExecutable|x64.Build.0 = Release|x64
		{5EDAECC5-BB9D-4CDD-ABF8-D8C0306A2749}.ReleaseLibrary|x64.ActiveCfg = Release|x64
	EndGlobalSection
	GlobalSection(SolutionProperties) = preSolution
		HideSolutionNode = FALSE
	EndGlobalSection
	GlobalSection(NestedProjects) = preSolution
		{F510336D-E46A-4EA5-9517-6F97F1822457} = {6DA0C2E1-1B8D-4F11-A7E0-17645FA965DC}
	EndGlobalSection
	GlobalSection(ExtensibilityGlobals) = postSolution
		SolutionGuid = {ACC15B3C-7087-4D02-80E9-564C8E08A0C9}
	EndGlobalSection
EndGlobal
