<?xml version="1.0" encoding="utf-8"?>
<Project ToolsVersion="4.0" xmlns="http://schemas.microsoft.com/developer/msbuild/2003">
  <ItemGroup>
    <Filter Include="Source Files">
      <UniqueIdentifier>{4FC737F1-C7A5-4376-A066-2A32D752A2FF}</UniqueIdentifier>
      <Extensions>cpp;c;cc;cxx;c++;def;odl;idl;hpj;bat;asm;asmx</Extensions>
    </Filter>
    <Filter Include="Header Files">
      <UniqueIdentifier>{93995380-89BD-4b04-88EB-625FBE52EBFB}</UniqueIdentifier>
      <Extensions>h;hh;hpp;hxx;h++;hm;inl;inc;ipp;xsd</Extensions>
    </Filter>
    <Filter Include="Resource Files">
      <UniqueIdentifier>{67DA6AB6-F800-4c08-8B7A-83BB121AAD01}</UniqueIdentifier>
      <Extensions>rc;ico;cur;bmp;dlg;rc2;rct;bin;rgs;gif;jpg;jpeg;jpe;resx;tiff;tif;png;wav;mfcribbon-ms</Extensions>
    </Filter>
    <Filter Include="Source Files\Utilities">
      <UniqueIdentifier>{5b001b9f-00d9-4cbd-81a2-2b55bc985771}</UniqueIdentifier>
    </Filter>
    <Filter Include="Source Files\Algorithms">
      <UniqueIdentifier>{e72389f3-a674-48be-890e-6ea82c78feb4}</UniqueIdentifier>
    </Filter>
    <Filter Include="Header Files\Library Files">
      <UniqueIdentifier>{3b4dbe36-ccd9-4961-893d-c1addc9b66d3}</UniqueIdentifier>
    </Filter>
    <Filter Include="Source Files\Anti RE">
      <UniqueIdentifier>{8ed480c2-f1c7-4865-9a1a-bb36c0fd9aaf}</UniqueIdentifier>
    </Filter>
    <Filter Include="Resource Files\RT_RCData">
      <UniqueIdentifier>{7a73c4f2-3105-4784-9d7c-bf8e1040dcd8}</UniqueIdentifier>
    </Filter>
  </ItemGroup>
  <ItemGroup>
    <ClInclude Include="_rift.h">
      <Filter>Header Files</Filter>
    </ClInclude>
    <ClInclude Include="pch.h">
      <Filter>Header Files</Filter>
    </ClInclude>
    <ClInclude Include="_rift_shared.h">
      <Filter>Header Files</Filter>
    </ClInclude>
    <ClInclude Include="MemoryModule.h">
      <Filter>Header Files\Library Files</Filter>
    </ClInclude>
    <ClInclude Include="resource.h">
      <Filter>Resource Files</Filter>
    </ClInclude>
    <ClInclude Include="..\msDetours\include\detours.h">
      <Filter>Header Files\Library Files</Filter>
    </ClInclude>
  </ItemGroup>
  <ItemGroup>
    <ClCompile Include="pch.c">
      <Filter>Source Files</Filter>
    </ClCompile>
    <ClCompile Include="main.c">
      <Filter>Source Files</Filter>
    </ClCompile>
    <ClCompile Include="VMDetect.c">
      <Filter>Source Files\Utilities</Filter>
    </ClCompile>
    <ClCompile Include="Xoshiro128.c">
      <Filter>Source Files\Algorithms</Filter>
    </ClCompile>
    <ClCompile Include="Console.c">
      <Filter>Source Files\Utilities</Filter>
    </ClCompile>
    <ClCompile Include="NT.c">
      <Filter>Source Files\Utilities</Filter>
    </ClCompile>
    <ClCompile Include="MemoryModule.c">
      <Filter>Header Files\Library Files</Filter>
    </ClCompile>
    <ClCompile Include="Random.c">
      <Filter>Source Files\Algorithms</Filter>
    </ClCompile>
    <ClCompile Include="FileSystem.c">
      <Filter>Source Files\Utilities</Filter>
    </ClCompile>
    <ClCompile Include="AntiDllInject.c">
      <Filter>Source Files\Anti RE</Filter>
    </ClCompile>
    <ClCompile Include="AntiDebug.c">
      <Filter>Source Files\Anti RE</Filter>
    </ClCompile>
    <ClCompile Include="AntiRE.c">
      <Filter>Source Files\Anti RE</Filter>
    </ClCompile>
    <ClCompile Include="Process.c">
      <Filter>Source Files\Utilities</Filter>
    </ClCompile>
    <ClCompile Include="Utils.c">
      <Filter>Source Files</Filter>
    </ClCompile>
    <ClCompile Include="Window.c">
      <Filter>Source Files\Utilities</Filter>
    </ClCompile>
    <ClCompile Include="Base64.c">
      <Filter>Source Files\Algorithms</Filter>
    </ClCompile>
    <ClCompile Include="Crypt.c">
      <Filter>Source Files\Utilities</Filter>
    </ClCompile>
  </ItemGroup>
  <ItemGroup>
    <ResourceCompile Include="_rift.rc">
      <Filter>Resource Files</Filter>
    </ResourceCompile>
  </ItemGroup>
  <ItemGroup>
    <Image Include="..\_riftIcon\_rift.ico">
      <Filter>Resource Files</Filter>
    </Image>
  </ItemGroup>
  <ItemGroup>
    <None Include="..\out\RIFTROOT64">
      <Filter>Resource Files\RT_RCData</Filter>
    </None>
    <None Include="..\out\RIFTDLL">
      <Filter>Resource Files\RT_RCData</Filter>
    </None>
    <None Include="..\out\RIFTINJECT32">
      <Filter>Resource Files\RT_RCData</Filter>
    </None>
    <None Include="..\out\RIFTINJECT64">
      <Filter>Resource Files\RT_RCData</Filter>
    </None>
    <None Include="..\out\RIFTROOT32">
      <Filter>Resource Files\RT_RCData</Filter>
    </None>
  </ItemGroup>
  <ItemGroup>
    <Library Include="..\msDetours\lib.X86\detours.lib">
      <Filter>Header Files\Library Files</Filter>
    </Library>
  </ItemGroup>
</Project>